
Microsoft Visual Studio Solution File, Format Version 12.00
# Visual Studio Version 17
VisualStudioVersion = 17.5.002.0
MinimumVisualStudioVersion = 10.0.40219.1
Project("{9A19103F-16F7-4668-BE54-9A1E7A4F7556}") = "Pierres_Bakery", "Pierres_Bakery\Pierres_Bakery.csproj", "{45CFC8F3-0302-4C96-9F7D-390724D15FC7}"
EndProject
Project("{9A19103F-16F7-4668-BE54-9A1E7A4F7556}") = "Pierres_Bakery.Tests", "Pierres_Bakery.Tests\Pierres_Bakery.Tests.csproj", "{2A3C40F5-796C-403C-A2CA-BB0DC434B7C7}"
EndProject
Global
	GlobalSection(SolutionConfigurationPlatforms) = preSolution
		Debug|Any CPU = Debug|Any CPU
		Release|Any CPU = Release|Any CPU
	EndGlobalSection
	GlobalSection(ProjectConfigurationPlatforms) = postSolution
		{45CFC8F3-0302-4C96-9F7D-390724D15FC7}.Debug|Any CPU.ActiveCfg = Debug|Any CPU
		{45CFC8F3-0302-4C96-9F7D-390724D15FC7}.Debug|Any CPU.Build.0 = Debug|Any CPU
		{45CFC8F3-0302-4C96-9F7D-390724D15FC7}.Release|Any CPU.ActiveCfg = Release|Any CPU
		{45CFC8F3-0302-4C96-9F7D-390724D15FC7}.Release|Any CPU.Build.0 = Release|Any CPU
		{2A3C40F5-796C-403C-A2CA-BB0DC434B7C7}.Debug|Any CPU.ActiveCfg = Debug|Any CPU
		{2A3C40F5-796C-403C-A2CA-BB0DC434B7C7}.Debug|Any CPU.Build.0 = Debug|Any CPU
		{2A3C40F5-796C-403C-A2CA-BB0DC434B7C7}.Release|Any CPU.ActiveCfg = Release|Any CPU
		{2A3C40F5-796C-403C-A2CA-BB0DC434B7C7}.Release|Any CPU.Build.0 = Release|Any CPU
	EndGlobalSection
	GlobalSection(SolutionProperties) = preSolution
		HideSolutionNode = FALSE
	EndGlobalSection
	GlobalSection(ExtensibilityGlobals) = postSolution
		SolutionGuid = {5FA778D6-F4DA-43A3-BD4E-A5F79972A92F}
	EndGlobalSection
EndGlobal
